github.com/google/uuid v1.1.2 h1:EVhdT+1Kseyi1/pUmXKaFxYsDNy9RQYkMWRH68J/W7Y=
github.com/google/uuid v1.1.2/go.mod h1:TIyPZe4MgqvfeYDBFedMoGGpEw/LqOeaOT+nhxU+yHo=
github.com/iamgafurov/wallet v1.3.0 h1:IIGGGKdWkAMqqF8K1ME6jbS2bMlBToxvbnPayqp8jrw=
github.com/iamgafurov/wallet v1.3.0/go.mod h1:L7wwVM86uVuzoD/1bYMqLmUsDbrFWODeY3bzTHWJfow=
